# This file is autogenerated, do not edit; changes may be undone by the next 'dep ensure'.


[[projects]]
  branch = "master"
  name = "github.com/akamensky/argparse"
  packages = ["."]
  revision = "99676ba18cd5c0c3b331a13801ccd2b5c16a9259"

[solve-meta]
  analyzer-name = "dep"
  analyzer-version = 1
  inputs-digest = "409c9d387a4e3ba0c9822f79907c26b80d1376b4a51e742d0f9f12aa35703e00"
  solver-name = "gps-cdcl"
  solver-version = 1
